
Microsoft Visual Studio Solution File, Format Version 12.00
# Visual Studio 15
VisualStudioVersion = 15.0.26403.0
MinimumVisualStudioVersion = 10.0.40219.1
Project("{FAE04EC0-301F-11D3-BF4B-00C04F79EFBC}") = "ProjectTimer.Android", "ProjectTimer\ProjectTimer.Android\ProjectTimer.Android.csproj", "{CE1F274B-004E-4413-9132-44179F412361}"
EndProject
Project("{FAE04EC0-301F-11D3-BF4B-00C04F79EFBC}") = "ProjectTimer", "ProjectTimer\ProjectTimer\ProjectTimer.csproj", "{3D19CB6E-147E-4893-A471-40B0C06EF88E}"
EndProject
Project("{FAE04EC0-301F-11D3-BF4B-00C04F79EFBC}") = "ProjectTimer.UWP", "ProjectTimer\ProjectTimer.UWP\ProjectTimer.UWP.csproj", "{B4881557-E83E-460A-815A-142A5203EF88}"
EndProject
Project("{2150E333-8FDC-42A3-9474-1A3956D46DE8}") = "Tests", "Tests", "{2DD31E37-85C6-42E3-AEBD-E7C9F3CD3238}"
EndProject
Project("{FAE04EC0-301F-11D3-BF4B-00C04F79EFBC}") = "NUnit.Tests", "NUnit.Tests\NUnit.Tests.csproj", "{8EDF4429-251A-416D-BB68-93F227191BCF}"
EndProject
Global
	GlobalSection(SolutionConfigurationPlatforms) = preSolution
		Ad-Hoc|Any CPU = Ad-Hoc|Any CPU
		Ad-Hoc|ARM = Ad-Hoc|ARM
		Ad-Hoc|iPhone = Ad-Hoc|iPhone
		Ad-Hoc|iPhoneSimulator = Ad-Hoc|iPhoneSimulator
		Ad-Hoc|x64 = Ad-Hoc|x64
		Ad-Hoc|x86 = Ad-Hoc|x86
		AppStore|Any CPU = AppStore|Any CPU
		AppStore|ARM = AppStore|ARM
		AppStore|iPhone = AppStore|iPhone
		AppStore|iPhoneSimulator = AppStore|iPhoneSimulator
		AppStore|x64 = AppStore|x64
		AppStore|x86 = AppStore|x86
		Debug|Any CPU = Debug|Any CPU
		Debug|ARM = Debug|ARM
		Debug|iPhone = Debug|iPhone
		Debug|iPhoneSimulator = Debug|iPhoneSimulator
		Debug|x64 = Debug|x64
		Debug|x86 = Debug|x86
		Release|Any CPU = Release|Any CPU
		Release|ARM = Release|ARM
		Release|iPhone = Release|iPhone
		Release|iPhoneSimulator = Release|iPhoneSimulator
		Release|x64 = Release|x64
		Release|x86 = Release|x86
	EndGlobalSection
	GlobalSection(ProjectConfigurationPlatforms) = postSolution
		{CE1F274B-004E-4413-9132-44179F412361}.Ad-Hoc|Any CPU.ActiveCfg = Release|Any CPU
		{CE1F274B-004E-4413-9132-44179F412361}.Ad-Hoc|Any CPU.Build.0 = Release|Any CPU
		{CE1F274B-004E-4413-9132-44179F412361}.Ad-Hoc|Any CPU.Deploy.0 = Release|Any CPU
		{CE1F274B-004E-4413-9132-44179F412361}.Ad-Hoc|ARM.ActiveCfg = Release|Any CPU
		{CE1F274B-004E-4413-9132-44179F412361}.Ad-Hoc|ARM.Build.0 = Release|Any CPU
		{CE1F274B-004E-4413-9132-44179F412361}.Ad-Hoc|ARM.Deploy.0 = Release|Any CPU
		{CE1F274B-004E-4413-9132-44179F412361}.Ad-Hoc|iPhone.ActiveCfg = Release|Any CPU
		{CE1F274B-004E-4413-9132-44179F412361}.Ad-Hoc|iPhone.Build.0 = Release|Any CPU
		{CE1F274B-004E-4413-9132-44179F412361}.Ad-Hoc|iPhone.Deploy.0 = Release|Any CPU
		{CE1F274B-004E-4413-9132-44179F412361}.Ad-Hoc|iPhoneSimulator.ActiveCfg = Release|Any CPU
		{CE1F274B-004E-4413-9132-44179F412361}.Ad-Hoc|iPhoneSimulator.Build.0 = Release|Any CPU
		{CE1F274B-004E-4413-9132-44179F412361}.Ad-Hoc|iPhoneSimulator.Deploy.0 = Release|Any CPU
		{CE1F274B-004E-4413-9132-44179F412361}.Ad-Hoc|x64.ActiveCfg = Release|Any CPU
		{CE1F274B-004E-4413-9132-44179F412361}.Ad-Hoc|x64.Build.0 = Release|Any CPU
		{CE1F274B-004E-4413-9132-44179F412361}.Ad-Hoc|x64.Deploy.0 = Release|Any CPU
		{CE1F274B-004E-4413-9132-44179F412361}.Ad-Hoc|x86.ActiveCfg = Release|Any CPU
		{CE1F274B-004E-4413-9132-44179F412361}.Ad-Hoc|x86.Build.0 = Release|Any CPU
		{CE1F274B-004E-4413-9132-44179F412361}.Ad-Hoc|x86.Deploy.0 = Release|Any CPU
		{CE1F274B-004E-4413-9132-44179F412361}.AppStore|Any CPU.ActiveCfg = Release|Any CPU
		{CE1F274B-004E-4413-9132-44179F412361}.AppStore|Any CPU.Build.0 = Release|Any CPU
		{CE1F274B-004E-4413-9132-44179F412361}.AppStore|Any CPU.Deploy.0 = Release|Any CPU
		{CE1F274B-004E-4413-9132-44179F412361}.AppStore|ARM.ActiveCfg = Release|Any CPU
		{CE1F274B-004E-4413-9132-44179F412361}.AppStore|ARM.Build.0 = Release|Any CPU
		{CE1F274B-004E-4413-9132-44179F412361}.AppStore|ARM.Deploy.0 = Release|Any CPU
		{CE1F274B-004E-4413-9132-44179F412361}.AppStore|iPhone.ActiveCfg = Release|Any CPU
		{CE1F274B-004E-4413-9132-44179F412361}.AppStore|iPhone.Build.0 = Release|Any CPU
		{CE1F274B-004E-4413-9132-44179F412361}.AppStore|iPhone.Deploy.0 = Release|Any CPU
		{CE1F274B-004E-4413-9132-44179F412361}.AppStore|iPhoneSimulator.ActiveCfg = Release|Any CPU
		{CE1F274B-004E-4413-9132-44179F412361}.AppStore|iPhoneSimulator.Build.0 = Release|Any CPU
		{CE1F274B-004E-4413-9132-44179F412361}.AppStore|iPhoneSimulator.Deploy.0 = Release|Any CPU
		{CE1F274B-004E-4413-9132-44179F412361}.AppStore|x64.ActiveCfg = Release|Any CPU
		{CE1F274B-004E-4413-9132-44179F412361}.AppStore|x64.Build.0 = Release|Any CPU
		{CE1F274B-004E-4413-9132-44179F412361}.AppStore|x64.Deploy.0 = Release|Any CPU
		{CE1F274B-004E-4413-9132-44179F412361}.AppStore|x86.ActiveCfg = Release|Any CPU
		{CE1F274B-004E-4413-9132-44179F412361}.AppStore|x86.Build.0 = Release|Any CPU
		{CE1F274B-004E-4413-9132-44179F412361}.AppStore|x86.Deploy.0 = Release|Any CPU
		{CE1F274B-004E-4413-9132-44179F412361}.Debug|Any CPU.ActiveCfg = Debug|Any CPU
		{CE1F274B-004E-4413-9132-44179F412361}.Debug|Any CPU.Build.0 = Debug|Any CPU
		{CE1F274B-004E-4413-9132-44179F412361}.Debug|Any CPU.Deploy.0 = Debug|Any CPU
		{CE1F274B-004E-4413-9132-44179F412361}.Debug|ARM.ActiveCfg = Debug|Any CPU
		{CE1F274B-004E-4413-9132-44179F412361}.Debug|ARM.Build.0 = Debug|Any CPU
		{CE1F274B-004E-4413-9132-44179F412361}.Debug|ARM.Deploy.0 = Debug|Any CPU
		{CE1F274B-004E-4413-9132-44179F412361}.Debug|iPhone.ActiveCfg = Debug|Any CPU
		{CE1F274B-004E-4413-9132-44179F412361}.Debug|iPhone.Build.0 = Debug|Any CPU
		{CE1F274B-004E-4413-9132-44179F412361}.Debug|iPhone.Deploy.0 = Debug|Any CPU
		{CE1F274B-004E-4413-9132-44179F412361}.Debug|iPhoneSimulator.ActiveCfg = Debug|Any CPU
		{CE1F274B-004E-4413-9132-44179F412361}.Debug|iPhoneSimulator.Build.0 = Debug|Any CPU
		{CE1F274B-004E-4413-9132-44179F412361}.Debug|iPhoneSimulator.Deploy.0 = Debug|Any CPU
		{CE1F274B-004E-4413-9132-44179F412361}.Debug|x64.ActiveCfg = Debug|Any CPU
		{CE1F274B-004E-4413-9132-44179F412361}.Debug|x64.Build.0 = Debug|Any CPU
		{CE1F274B-004E-4413-9132-44179F412361}.Debug|x64.Deploy.0 = Debug|Any CPU
		{CE1F274B-004E-4413-9132-44179F412361}.Debug|x86.ActiveCfg = Debug|Any CPU
		{CE1F274B-004E-4413-9132-44179F412361}.Debug|x86.Build.0 = Debug|Any CPU
		{CE1F274B-004E-4413-9132-44179F412361}.Debug|x86.Deploy.0 = Debug|Any CPU
		{CE1F274B-004E-4413-9132-44179F412361}.Release|Any CPU.ActiveCfg = Release|Any CPU
		{CE1F274B-004E-4413-9132-44179F412361}.Release|Any CPU.Build.0 = Release|Any CPU
		{CE1F274B-004E-4413-9132-44179F412361}.Release|Any CPU.Deploy.0 = Release|Any CPU
		{CE1F274B-004E-4413-9132-44179F412361}.Release|ARM.ActiveCfg = Release|Any CPU
		{CE1F274B-004E-4413-9132-44179F412361}.Release|ARM.Build.0 = Release|Any CPU
		{CE1F274B-004E-4413-9132-44179F412361}.Release|ARM.Deploy.0 = Release|Any CPU
		{CE1F274B-004E-4413-9132-44179F412361}.Release|iPhone.ActiveCfg = Release|Any CPU
		{CE1F274B-004E-4413-9132-44179F412361}.Release|iPhone.Build.0 = Release|Any CPU
		{CE1F274B-004E-4413-9132-44179F412361}.Release|iPhone.Deploy.0 = Release|Any CPU
		{CE1F274B-004E-4413-9132-44179F412361}.Release|iPhoneSimulator.ActiveCfg = Release|Any CPU
		{CE1F274B-004E-4413-9132-44179F412361}.Release|iPhoneSimulator.Build.0 = Release|Any CPU
		{CE1F274B-004E-4413-9132-44179F412361}.Release|iPhoneSimulator.Deploy.0 = Release|Any CPU
		{CE1F274B-004E-4413-9132-44179F412361}.Release|x64.ActiveCfg = Release|Any CPU
		{CE1F274B-004E-4413-9132-44179F412361}.Release|x64.Build.0 = Release|Any CPU
		{CE1F274B-004E-4413-9132-44179F412361}.Release|x64.Deploy.0 = Release|Any CPU
		{CE1F274B-004E-4413-9132-44179F412361}.Release|x86.ActiveCfg = Release|Any CPU
		{CE1F274B-004E-4413-9132-44179F412361}.Release|x86.Build.0 = Release|Any CPU
		{CE1F274B-004E-4413-9132-44179F412361}.Release|x86.Deploy.0 = Release|Any CPU
		{3D19CB6E-147E-4893-A471-40B0C06EF88E}.Ad-Hoc|Any CPU.ActiveCfg = Release|Any CPU
		{3D19CB6E-147E-4893-A471-40B0C06EF88E}.Ad-Hoc|Any CPU.Build.0 = Release|Any CPU
		{3D19CB6E-147E-4893-A471-40B0C06EF88E}.Ad-Hoc|ARM.ActiveCfg = Release|Any CPU
		{3D19CB6E-147E-4893-A471-40B0C06EF88E}.Ad-Hoc|ARM.Build.0 = Release|Any CPU
		{3D19CB6E-147E-4893-A471-40B0C06EF88E}.Ad-Hoc|iPhone.ActiveCfg = Release|Any CPU
		{3D19CB6E-147E-4893-A471-40B0C06EF88E}.Ad-Hoc|iPhone.Build.0 = Release|Any CPU
		{3D19CB6E-147E-4893-A471-40B0C06EF88E}.Ad-Hoc|iPhoneSimulator.ActiveCfg = Release|Any CPU
		{3D19CB6E-147E-4893-A471-40B0C06EF88E}.Ad-Hoc|iPhoneSimulator.Build.0 = Release|Any CPU
		{3D19CB6E-147E-4893-A471-40B0C06EF88E}.Ad-Hoc|x64.ActiveCfg = Release|Any CPU
		{3D19CB6E-147E-4893-A471-40B0C06EF88E}.Ad-Hoc|x64.Build.0 = Release|Any CPU
		{3D19CB6E-147E-4893-A471-40B0C06EF88E}.Ad-Hoc|x86.ActiveCfg = Release|Any CPU
		{3D19CB6E-147E-4893-A471-40B0C06EF88E}.Ad-Hoc|x86.Build.0 = Release|Any CPU
		{3D19CB6E-147E-4893-A471-40B0C06EF88E}.AppStore|Any CPU.ActiveCfg = Release|Any CPU
		{3D19CB6E-147E-4893-A471-40B0C06EF88E}.AppStore|Any CPU.Build.0 = Release|Any CPU
		{3D19CB6E-147E-4893-A471-40B0C06EF88E}.AppStore|ARM.ActiveCfg = Release|Any CPU
		{3D19CB6E-147E-4893-A471-40B0C06EF88E}.AppStore|ARM.Build.0 = Release|Any CPU
		{3D19CB6E-147E-4893-A471-40B0C06EF88E}.AppStore|iPhone.ActiveCfg = Release|Any CPU
		{3D19CB6E-147E-4893-A471-40B0C06EF88E}.AppStore|iPhone.Build.0 = Release|Any CPU
		{3D19CB6E-147E-4893-A471-40B0C06EF88E}.AppStore|iPhoneSimulator.ActiveCfg = Release|Any CPU
		{3D19CB6E-147E-4893-A471-40B0C06EF88E}.AppStore|iPhoneSimulator.Build.0 = Release|Any CPU
		{3D19CB6E-147E-4893-A471-40B0C06EF88E}.AppStore|x64.ActiveCfg = Release|Any CPU
		{3D19CB6E-147E-4893-A471-40B0C06EF88E}.AppStore|x64.Build.0 = Release|Any CPU
		{3D19CB6E-147E-4893-A471-40B0C06EF88E}.AppStore|x86.ActiveCfg = Release|Any CPU
		{3D19CB6E-147E-4893-A471-40B0C06EF88E}.AppStore|x86.Build.0 = Release|Any CPU
		{3D19CB6E-147E-4893-A471-40B0C06EF88E}.Debug|Any CPU.ActiveCfg = Debug|Any CPU
		{3D19CB6E-147E-4893-A471-40B0C06EF88E}.Debug|Any CPU.Build.0 = Debug|Any CPU
		{3D19CB6E-147E-4893-A471-40B0C06EF88E}.Debug|ARM.ActiveCfg = Debug|Any CPU
		{3D19CB6E-147E-4893-A471-40B0C06EF88E}.Debug|ARM.Build.0 = Debug|Any CPU
		{3D19CB6E-147E-4893-A471-40B0C06EF88E}.Debug|iPhone.ActiveCfg = Debug|Any CPU
		{3D19CB6E-147E-4893-A471-40B0C06EF88E}.Debug|iPhone.Build.0 = Debug|Any CPU
		{3D19CB6E-147E-4893-A471-40B0C06EF88E}.Debug|iPhoneSimulator.ActiveCfg = Debug|Any CPU
		{3D19CB6E-147E-4893-A471-40B0C06EF88E}.Debug|iPhoneSimulator.Build.0 = Debug|Any CPU
		{3D19CB6E-147E-4893-A471-40B0C06EF88E}.Debug|x64.ActiveCfg = Debug|Any CPU
		{3D19CB6E-147E-4893-A471-40B0C06EF88E}.Debug|x64.Build.0 = Debug|Any CPU
		{3D19CB6E-147E-4893-A471-40B0C06EF88E}.Debug|x86.ActiveCfg = Debug|Any CPU
		{3D19CB6E-147E-4893-A471-40B0C06EF88E}.Debug|x86.Build.0 = Debug|Any CPU
		{3D19CB6E-147E-4893-A471-40B0C06EF88E}.Release|Any CPU.ActiveCfg = Release|Any CPU
		{3D19CB6E-147E-4893-A471-40B0C06EF88E}.Release|Any CPU.Build.0 = Release|Any CPU
		{3D19CB6E-147E-4893-A471-40B0C06EF88E}.Release|ARM.ActiveCfg = Release|Any CPU
		{3D19CB6E-147E-4893-A471-40B0C06EF88E}.Release|ARM.Build.0 = Release|Any CPU
		{3D19CB6E-147E-4893-A471-40B0C06EF88E}.Release|iPhone.ActiveCfg = Release|Any CPU
		{3D19CB6E-147E-4893-A471-40B0C06EF88E}.Release|iPhone.Build.0 = Release|Any CPU
		{3D19CB6E-147E-4893-A471-40B0C06EF88E}.Release|iPhoneSimulator.ActiveCfg = Release|Any CPU
		{3D19CB6E-147E-4893-A471-40B0C06EF88E}.Release|iPhoneSimulator.Build.0 = Release|Any CPU
		{3D19CB6E-147E-4893-A471-40B0C06EF88E}.Release|x64.ActiveCfg = Release|Any CPU
		{3D19CB6E-147E-4893-A471-40B0C06EF88E}.Release|x64.Build.0 = Release|Any CPU
		{3D19CB6E-147E-4893-A471-40B0C06EF88E}.Release|x86.ActiveCfg = Release|Any CPU
		{3D19CB6E-147E-4893-A471-40B0C06EF88E}.Release|x86.Build.0 = Release|Any CPU
		{B4881557-E83E-460A-815A-142A5203EF88}.Ad-Hoc|Any CPU.ActiveCfg = Release|x86
		{B4881557-E83E-460A-815A-142A5203EF88}.Ad-Hoc|Any CPU.Build.0 = Release|x86
		{B4881557-E83E-460A-815A-142A5203EF88}.Ad-Hoc|Any CPU.Deploy.0 = Release|x86
		{B4881557-E83E-460A-815A-142A5203EF88}.Ad-Hoc|ARM.ActiveCfg = Release|ARM
		{B4881557-E83E-460A-815A-142A5203EF88}.Ad-Hoc|ARM.Build.0 = Release|ARM
		{B4881557-E83E-460A-815A-142A5203EF88}.Ad-Hoc|ARM.Deploy.0 = Release|ARM
		{B4881557-E83E-460A-815A-142A5203EF88}.Ad-Hoc|iPhone.ActiveCfg = Release|x86
		{B4881557-E83E-460A-815A-142A5203EF88}.Ad-Hoc|iPhone.Build.0 = Release|x86
		{B4881557-E83E-460A-815A-142A5203EF88}.Ad-Hoc|iPhone.Deploy.0 = Release|x86
		{B4881557-E83E-460A-815A-142A5203EF88}.Ad-Hoc|iPhoneSimulator.ActiveCfg = Release|x86
		{B4881557-E83E-460A-815A-142A5203EF88}.Ad-Hoc|iPhoneSimulator.Build.0 = Release|x86
		{B4881557-E83E-460A-815A-142A5203EF88}.Ad-Hoc|iPhoneSimulator.Deploy.0 = Release|x86
		{B4881557-E83E-460A-815A-142A5203EF88}.Ad-Hoc|x64.ActiveCfg = Release|x64
		{B4881557-E83E-460A-815A-142A5203EF88}.Ad-Hoc|x64.Build.0 = Release|x64
		{B4881557-E83E-460A-815A-142A5203EF88}.Ad-Hoc|x64.Deploy.0 = Release|x64
		{B4881557-E83E-460A-815A-142A5203EF88}.Ad-Hoc|x86.ActiveCfg = Release|x86
		{B4881557-E83E-460A-815A-142A5203EF88}.Ad-Hoc|x86.Build.0 = Release|x86
		{B4881557-E83E-460A-815A-142A5203EF88}.Ad-Hoc|x86.Deploy.0 = Release|x86
		{B4881557-E83E-460A-815A-142A5203EF88}.AppStore|Any CPU.ActiveCfg = Release|x86
		{B4881557-E83E-460A-815A-142A5203EF88}.AppStore|Any CPU.Build.0 = Release|x86
		{B4881557-E83E-460A-815A-142A5203EF88}.AppStore|Any CPU.Deploy.0 = Release|x86
		{B4881557-E83E-460A-815A-142A5203EF88}.AppStore|ARM.ActiveCfg = Release|ARM
		{B4881557-E83E-460A-815A-142A5203EF88}.AppStore|ARM.Build.0 = Release|ARM
		{B4881557-E83E-460A-815A-142A5203EF88}.AppStore|ARM.Deploy.0 = Release|ARM
		{B4881557-E83E-460A-815A-142A5203EF88}.AppStore|iPhone.ActiveCfg = Release|x86
		{B4881557-E83E-460A-815A-142A5203EF88}.AppStore|iPhone.Build.0 = Release|x86
		{B4881557-E83E-460A-815A-142A5203EF88}.AppStore|iPhone.Deploy.0 = Release|x86
		{B4881557-E83E-460A-815A-142A5203EF88}.AppStore|iPhoneSimulator.ActiveCfg = Release|x86
		{B4881557-E83E-460A-815A-142A5203EF88}.AppStore|iPhoneSimulator.Build.0 = Release|x86
		{B4881557-E83E-460A-815A-142A5203EF88}.AppStore|iPhoneSimulator.Deploy.0 = Release|x86
		{B4881557-E83E-460A-815A-142A5203EF88}.AppStore|x64.ActiveCfg = Release|x64
		{B4881557-E83E-460A-815A-142A5203EF88}.AppStore|x64.Build.0 = Release|x64
		{B4881557-E83E-460A-815A-142A5203EF88}.AppStore|x64.Deploy.0 = Release|x64
		{B4881557-E83E-460A-815A-142A5203EF88}.AppStore|x86.ActiveCfg = Release|x86
		{B4881557-E83E-460A-815A-142A5203EF88}.AppStore|x86.Build.0 = Release|x86
		{B4881557-E83E-460A-815A-142A5203EF88}.AppStore|x86.Deploy.0 = Release|x86
		{B4881557-E83E-460A-815A-142A5203EF88}.Debug|Any CPU.ActiveCfg = Debug|x86
		{B4881557-E83E-460A-815A-142A5203EF88}.Debug|Any CPU.Build.0 = Debug|x86
		{B4881557-E83E-460A-815A-142A5203EF88}.Debug|Any CPU.Deploy.0 = Debug|x86
		{B4881557-E83E-460A-815A-142A5203EF88}.Debug|ARM.ActiveCfg = Debug|ARM
		{B4881557-E83E-460A-815A-142A5203EF88}.Debug|ARM.Build.0 = Debug|ARM
		{B4881557-E83E-460A-815A-142A5203EF88}.Debug|ARM.Deploy.0 = Debug|ARM
		{B4881557-E83E-460A-815A-142A5203EF88}.Debug|iPhone.ActiveCfg = Debug|x86
		{B4881557-E83E-460A-815A-142A5203EF88}.Debug|iPhoneSimulator.ActiveCfg = Debug|x86
		{B4881557-E83E-460A-815A-142A5203EF88}.Debug|x64.ActiveCfg = Debug|x64
		{B4881557-E83E-460A-815A-142A5203EF88}.Debug|x64.Build.0 = Debug|x64
		{B4881557-E83E-460A-815A-142A5203EF88}.Debug|x64.Deploy.0 = Debug|x64
		{B4881557-E83E-460A-815A-142A5203EF88}.Debug|x86.ActiveCfg = Debug|x86
		{B4881557-E83E-460A-815A-142A5203EF88}.Debug|x86.Build.0 = Debug|x86
		{B4881557-E83E-460A-815A-142A5203EF88}.Debug|x86.Deploy.0 = Debug|x86
		{B4881557-E83E-460A-815A-142A5203EF88}.Release|Any CPU.ActiveCfg = Release|x86
		{B4881557-E83E-460A-815A-142A5203EF88}.Release|ARM.ActiveCfg = Release|ARM
		{B4881557-E83E-460A-815A-142A5203EF88}.Release|ARM.Build.0 = Release|ARM
		{B4881557-E83E-460A-815A-142A5203EF88}.Release|ARM.Deploy.0 = Release|ARM
		{B4881557-E83E-460A-815A-142A5203EF88}.Release|iPhone.ActiveCfg = Release|x86
		{B4881557-E83E-460A-815A-142A5203EF88}.Release|iPhoneSimulator.ActiveCfg = Release|x86
		{B4881557-E83E-460A-815A-142A5203EF88}.Release|x64.ActiveCfg = Release|x64
		{B4881557-E83E-460A-815A-142A5203EF88}.Release|x64.Build.0 = Release|x64
		{B4881557-E83E-460A-815A-142A5203EF88}.Release|x64.Deploy.0 = Release|x64
		{B4881557-E83E-460A-815A-142A5203EF88}.Release|x86.ActiveCfg = Release|x86
		{B4881557-E83E-460A-815A-142A5203EF88}.Release|x86.Build.0 = Release|x86
		{B4881557-E83E-460A-815A-142A5203EF88}.Release|x86.Deploy.0 = Release|x86
		{8EDF4429-251A-416D-BB68-93F227191BCF}.Ad-Hoc|Any CPU.ActiveCfg = Release|Any CPU
		{8EDF4429-251A-416D-BB68-93F227191BCF}.Ad-Hoc|Any CPU.Build.0 = Release|Any CPU
		{8EDF4429-251A-416D-BB68-93F227191BCF}.Ad-Hoc|ARM.ActiveCfg = Release|Any CPU
		{8EDF4429-251A-416D-BB68-93F227191BCF}.Ad-Hoc|ARM.Build.0 = Release|Any CPU
		{8EDF4429-251A-416D-BB68-93F227191BCF}.Ad-Hoc|iPhone.ActiveCfg = Release|Any CPU
		{8EDF4429-251A-416D-BB68-93F227191BCF}.Ad-Hoc|iPhone.Build.0 = Release|Any CPU
		{8EDF4429-251A-416D-BB68-93F227191BCF}.Ad-Hoc|iPhoneSimulator.ActiveCfg = Release|Any CPU
		{8EDF4429-251A-416D-BB68-93F227191BCF}.Ad-Hoc|iPhoneSimulator.Build.0 = Release|Any CPU
		{8EDF4429-251A-416D-BB68-93F227191BCF}.Ad-Hoc|x64.ActiveCfg = Release|Any CPU
		{8EDF4429-251A-416D-BB68-93F227191BCF}.Ad-Hoc|x64.Build.0 = Release|Any CPU
		{8EDF4429-251A-416D-BB68-93F227191BCF}.Ad-Hoc|x86.ActiveCfg = Release|Any CPU
		{8EDF4429-251A-416D-BB68-93F227191BCF}.Ad-Hoc|x86.Build.0 = Release|Any CPU
		{8EDF4429-251A-416D-BB68-93F227191BCF}.AppStore|Any CPU.ActiveCfg = Release|Any CPU
		{8EDF4429-251A-416D-BB68-93F227191BCF}.AppStore|Any CPU.Build.0 = Release|Any CPU
		{8EDF4429-251A-416D-BB68-93F227191BCF}.AppStore|ARM.ActiveCfg = Release|Any CPU
		{8EDF4429-251A-416D-BB68-93F227191BCF}.AppStore|ARM.Build.0 = Release|Any CPU
		{8EDF4429-251A-416D-BB68-93F227191BCF}.AppStore|iPhone.ActiveCfg = Release|Any CPU
		{8EDF4429-251A-416D-BB68-93F227191BCF}.AppStore|iPhone.Build.0 = Release|Any CPU
		{8EDF4429-251A-416D-BB68-93F227191BCF}.AppStore|iPhoneSimulator.ActiveCfg = Release|Any CPU
		{8EDF4429-251A-416D-BB68-93F227191BCF}.AppStore|iPhoneSimulator.Build.0 = Release|Any CPU
		{8EDF4429-251A-416D-BB68-93F227191BCF}.AppStore|x64.ActiveCfg = Release|Any CPU
		{8EDF4429-251A-416D-BB68-93F227191BCF}.AppStore|x64.Build.0 = Release|Any CPU
		{8EDF4429-251A-416D-BB68-93F227191BCF}.AppStore|x86.ActiveCfg = Release|Any CPU
		{8EDF4429-251A-416D-BB68-93F227191BCF}.AppStore|x86.Build.0 = Release|Any CPU
		{8EDF4429-251A-416D-BB68-93F227191BCF}.Debug|Any CPU.ActiveCfg = Debug|Any CPU
		{8EDF4429-251A-416D-BB68-93F227191BCF}.Debug|Any CPU.Build.0 = Debug|Any CPU
		{8EDF4429-251A-416D-BB68-93F227191BCF}.Debug|ARM.ActiveCfg = Debug|Any CPU
		{8EDF4429-251A-416D-BB68-93F227191BCF}.Debug|ARM.Build.0 = Debug|Any CPU
		{8EDF4429-251A-416D-BB68-93F227191BCF}.Debug|iPhone.ActiveCfg = Debug|Any CPU
		{8EDF4429-251A-416D-BB68-93F227191BCF}.Debug|iPhone.Build.0 = Debug|Any CPU
		{8EDF4429-251A-416D-BB68-93F227191BCF}.Debug|iPhoneSimulator.ActiveCfg = Debug|Any CPU
		{8EDF4429-251A-416D-BB68-93F227191BCF}.Debug|iPhoneSimulator.Build.0 = Debug|Any CPU
		{8EDF4429-251A-416D-BB68-93F227191BCF}.Debug|x64.ActiveCfg = Debug|Any CPU
		{8EDF4429-251A-416D-BB68-93F227191BCF}.Debug|x64.Build.0 = Debug|Any CPU
		{8EDF4429-251A-416D-BB68-93F227191BCF}.Debug|x86.ActiveCfg = Debug|Any CPU
		{8EDF4429-251A-416D-BB68-93F227191BCF}.Debug|x86.Build.0 = Debug|Any CPU
		{8EDF4429-251A-416D-BB68-93F227191BCF}.Release|Any CPU.ActiveCfg = Release|Any CPU
		{8EDF4429-251A-416D-BB68-93F227191BCF}.Release|Any CPU.Build.0 = Release|Any CPU
		{8EDF4429-251A-416D-BB68-93F227191BCF}.Release|ARM.ActiveCfg = Release|Any CPU
		{8EDF4429-251A-416D-BB68-93F227191BCF}.Release|ARM.Build.0 = Release|Any CPU
		{8EDF4429-251A-416D-BB68-93F227191BCF}.Release|iPhone.ActiveCfg = Release|Any CPU
		{8EDF4429-251A-416D-BB68-93F227191BCF}.Release|iPhone.Build.0 = Release|Any CPU
		{8EDF4429-251A-416D-BB68-93F227191BCF}.Release|iPhoneSimulator.ActiveCfg = Release|Any CPU
		{8EDF4429-251A-416D-BB68-93F227191BCF}.Release|iPhoneSimulator.Build.0 = Release|Any CPU
		{8EDF4429-251A-416D-BB68-93F227191BCF}.Release|x64.ActiveCfg = Release|Any CPU
		{8EDF4429-251A-416D-BB68-93F227191BCF}.Release|x64.Build.0 = Release|Any CPU
		{8EDF4429-251A-416D-BB68-93F227191BCF}.Release|x86.ActiveCfg = Release|Any CPU
		{8EDF4429-251A-416D-BB68-93F227191BCF}.Release|x86.Build.0 = Release|Any CPU
	EndGlobalSection
	GlobalSection(SolutionProperties) = preSolution
		HideSolutionNode = FALSE
	EndGlobalSection
	GlobalSection(NestedProjects) = preSolution
		{8EDF4429-251A-416D-BB68-93F227191BCF} = {2DD31E37-85C6-42E3-AEBD-E7C9F3CD3238}
	EndGlobalSection
EndGlobal
